# This file was autogenerated by Stack.
# You should not edit this file by hand.
# For more information, please see the documentation at:
#   https://docs.haskellstack.org/en/stable/lock_files

packages:
- completed:
    hackage: morpheus-graphql-0.18.0@sha256:51a3e1c787aaf33b09fe213f64ca73301a444d47ec001d07cd47b56f2ea85329,34541
    pantry-tree:
      size: 48949
      sha256: 8b0ea6ff74e800baa344dc6446ab3811d69d2a94c3eac78b632003b6657dbfb7
  original:
    hackage: morpheus-graphql-0.18.0@sha256:51a3e1c787aaf33b09fe213f64ca73301a444d47ec001d07cd47b56f2ea85329,34541
- completed:
    hackage: aeson-1.5.6.0@sha256:5003bb6fd260d2e2d5a51dee2bf5c8e8f29e4e0e0288fef805c22dcc80ecab06,6788
    pantry-tree:
      size: 37981
      sha256: 1f61b87807bfb4362a978a492e2f17be9e3ebfe32f983ee49863ddde970b32ce
  original:
    hackage: aeson-1.5.6.0@sha256:5003bb6fd260d2e2d5a51dee2bf5c8e8f29e4e0e0288fef805c22dcc80ecab06,6788
- completed:
    hackage: morpheus-graphql-app-0.18.0@sha256:fdd9b17452e0c17e7464854353fa58626b41ad0520e65938dad198443b416e08,6877
    pantry-tree:
      size: 7686
      sha256: d989d6034a0d5ba96753126c0de749652c0724e8363f2a8f06c22a8a9e96e8c4
  original:
    hackage: morpheus-graphql-app-0.18.0@sha256:fdd9b17452e0c17e7464854353fa58626b41ad0520e65938dad198443b416e08,6877
- completed:
    hackage: morpheus-graphql-code-gen-0.18.0@sha256:c806d4c1d35865b1497fe380625f22f64848136a8d010d916f62ade0b5cb0bd5,2384
    pantry-tree:
      size: 1095
      sha256: 25a4c6f8e546f5634b43bf297f257434ded74a3209c5885d59b4415d08c7c4eb
  original:
    hackage: morpheus-graphql-code-gen-0.18.0@sha256:c806d4c1d35865b1497fe380625f22f64848136a8d010d916f62ade0b5cb0bd5,2384
- completed:
    hackage: morpheus-graphql-core-0.18.0@sha256:dcd144af1e9e16a09deb911643545e0c46486b8a16b5d0d612d2df926a78bf51,13878
    pantry-tree:
      size: 19197
      sha256: 1d4f1a5f35a07f00399bb0fffbc741c651984d17a360b6ad9789ebb4fd78b12a
  original:
    hackage: morpheus-graphql-core-0.18.0@sha256:dcd144af1e9e16a09deb911643545e0c46486b8a16b5d0d612d2df926a78bf51,13878
- completed:
    hackage: resource-pool-0.3.0.0@sha256:b47dca24af48001d8247cc8a38cd09f148e9b22d959b845bbdb43ebf47ab072a,1280
    pantry-tree:
      size: 406
      sha256: 3f32d8e8bb2e68d5d28ed7fd8d960f6c3df95400dd43d68c9b26fdc342a2e9ea
  original:
    hackage: resource-pool-0.3.0.0@sha256:b47dca24af48001d8247cc8a38cd09f148e9b22d959b845bbdb43ebf47ab072a,1280
snapshots:
- completed:
    size: 619152
    url: https://raw.githubusercontent.com/commercialhaskell/stackage-snapshots/master/lts/19/11.yaml
    sha256: 692668712aa3a6638401ce921cd043f5f9a8b018af9ba13ae350871196b047d6
  original:
    url: https://raw.githubusercontent.com/commercialhaskell/stackage-snapshots/master/lts/19/11.yaml
